
Microsoft Visual Studio Solution File, Format Version 12.00
# Visual Studio Version 17
VisualStudioVersion = 17.6.33815.320
MinimumVisualStudioVersion = 10.0.40219.1
Project("{2150E333-8FDC-42A3-9474-1A3956D46DE8}") = "Level0", "Level0", "{B21F9B4A-FB42-452B-84A3-6DDBC7D9C551}"
EndProject
Project("{2150E333-8FDC-42A3-9474-1A3956D46DE8}") = "Level1", "Level1", "{3DCACD1A-C3C2-44EB-B780-8014EB98F05C}"
EndProject
Project("{2150E333-8FDC-42A3-9474-1A3956D46DE8}") = "Level9", "Level9", "{9655B3B6-C942-40EA-9696-23F6AB08E914}"
EndProject
Project("{8BC9CEB8-8B4A-11D0-8D11-00A0C91BC942}") = "GameEngineBase", "GameEngineBase\GameEngineBase.vcxproj", "{43E95582-82FC-46C5-A7CA-7D887CD0432B}"
EndProject
Project("{8BC9CEB8-8B4A-11D0-8D11-00A0C91BC942}") = "GameEnginePlatform", "GameEnginePlatform\GameEnginePlatform.vcxproj", "{A4198B71-D72C-4C1A-9FA2-6A2A1290C0E7}"
EndProject
Project("{8BC9CEB8-8B4A-11D0-8D11-00A0C91BC942}") = "App", "App\App.vcxproj", "{D384400D-9121-4AD2-9A1E-E58A3D30CCC1}"
EndProject
Project("{2150E333-8FDC-42A3-9474-1A3956D46DE8}") = "Level2", "Level2", "{75F89E70-89C0-40D8-A471-FB05F013F080}"
EndProject
Project("{2150E333-8FDC-42A3-9474-1A3956D46DE8}") = "Level3", "Level3", "{64C8FD12-1D2E-443F-AB28-12FF93ED0FE1}"
EndProject
Project("{8BC9CEB8-8B4A-11D0-8D11-00A0C91BC942}") = "GameEngineCore", "GameEngineCore\GameEngineCore.vcxproj", "{0793E960-2DAE-4C15-A7DD-1F764EFD076B}"
	ProjectSection(ProjectDependencies) = postProject
		{43E95582-82FC-46C5-A7CA-7D887CD0432B} = {43E95582-82FC-46C5-A7CA-7D887CD0432B}
		{A4198B71-D72C-4C1A-9FA2-6A2A1290C0E7} = {A4198B71-D72C-4C1A-9FA2-6A2A1290C0E7}
	EndProjectSection
EndProject
Project("{8BC9CEB8-8B4A-11D0-8D11-00A0C91BC942}") = "GameEngineContents", "GameEngineContents\GameEngineContents.vcxproj", "{60AD4992-3146-45B5-8D56-1E3019A6D2C6}"
	ProjectSection(ProjectDependencies) = postProject
		{0793E960-2DAE-4C15-A7DD-1F764EFD076B} = {0793E960-2DAE-4C15-A7DD-1F764EFD076B}
		{43E95582-82FC-46C5-A7CA-7D887CD0432B} = {43E95582-82FC-46C5-A7CA-7D887CD0432B}
		{A4198B71-D72C-4C1A-9FA2-6A2A1290C0E7} = {A4198B71-D72C-4C1A-9FA2-6A2A1290C0E7}
	EndProjectSection
EndProject
Project("{8BC9CEB8-8B4A-11D0-8D11-00A0C91BC942}") = "GameEngineCoreShader", "GameEngineCoreShader\GameEngineCoreShader.vcxproj", "{5E0580E5-CB19-41D0-9C1F-FC5227C84FD6}"
EndProject
Global
	GlobalSection(SolutionConfigurationPlatforms) = preSolution
		Debug|x64 = Debug|x64
		Debug|x86 = Debug|x86
		Release|x64 = Release|x64
		Release|x86 = Release|x86
	EndGlobalSection
	GlobalSection(ProjectConfigurationPlatforms) = postSolution
		{43E95582-82FC-46C5-A7CA-7D887CD0432B}.Debug|x64.ActiveCfg = Debug|x64
		{43E95582-82FC-46C5-A7CA-7D887CD0432B}.Debug|x64.Build.0 = Debug|x64
		{43E95582-82FC-46C5-A7CA-7D887CD0432B}.Debug|x86.ActiveCfg = Debug|Win32
		{43E95582-82FC-46C5-A7CA-7D887CD0432B}.Debug|x86.Build.0 = Debug|Win32
		{43E95582-82FC-46C5-A7CA-7D887CD0432B}.Release|x64.ActiveCfg = Release|x64
		{43E95582-82FC-46C5-A7CA-7D887CD0432B}.Release|x64.Build.0 = Release|x64
		{43E95582-82FC-46C5-A7CA-7D887CD0432B}.Release|x86.ActiveCfg = Release|Win32
		{43E95582-82FC-46C5-A7CA-7D887CD0432B}.Release|x86.Build.0 = Release|Win32
		{A4198B71-D72C-4C1A-9FA2-6A2A1290C0E7}.Debug|x64.ActiveCfg = Debug|x64
		{A4198B71-D72C-4C1A-9FA2-6A2A1290C0E7}.Debug|x64.Build.0 = Debug|x64
		{A4198B71-D72C-4C1A-9FA2-6A2A1290C0E7}.Debug|x86.ActiveCfg = Debug|Win32
		{A4198B71-D72C-4C1A-9FA2-6A2A1290C0E7}.Debug|x86.Build.0 = Debug|Win32
		{A4198B71-D72C-4C1A-9FA2-6A2A1290C0E7}.Release|x64.ActiveCfg = Release|x64
		{A4198B71-D72C-4C1A-9FA2-6A2A1290C0E7}.Release|x64.Build.0 = Release|x64
		{A4198B71-D72C-4C1A-9FA2-6A2A1290C0E7}.Release|x86.ActiveCfg = Release|Win32
		{A4198B71-D72C-4C1A-9FA2-6A2A1290C0E7}.Release|x86.Build.0 = Release|Win32
		{D384400D-9121-4AD2-9A1E-E58A3D30CCC1}.Debug|x64.ActiveCfg = Debug|x64
		{D384400D-9121-4AD2-9A1E-E58A3D30CCC1}.Debug|x64.Build.0 = Debug|x64
		{D384400D-9121-4AD2-9A1E-E58A3D30CCC1}.Debug|x86.ActiveCfg = Debug|Win32
		{D384400D-9121-4AD2-9A1E-E58A3D30CCC1}.Debug|x86.Build.0 = Debug|Win32
		{D384400D-9121-4AD2-9A1E-E58A3D30CCC1}.Release|x64.ActiveCfg = Release|x64
		{D384400D-9121-4AD2-9A1E-E58A3D30CCC1}.Release|x64.Build.0 = Release|x64
		{D384400D-9121-4AD2-9A1E-E58A3D30CCC1}.Release|x86.ActiveCfg = Release|Win32
		{D384400D-9121-4AD2-9A1E-E58A3D30CCC1}.Release|x86.Build.0 = Release|Win32
		{0793E960-2DAE-4C15-A7DD-1F764EFD076B}.Debug|x64.ActiveCfg = Debug|x64
		{0793E960-2DAE-4C15-A7DD-1F764EFD076B}.Debug|x64.Build.0 = Debug|x64
		{0793E960-2DAE-4C15-A7DD-1F764EFD076B}.Debug|x86.ActiveCfg = Debug|Win32
		{0793E960-2DAE-4C15-A7DD-1F764EFD076B}.Debug|x86.Build.0 = Debug|Win32
		{0793E960-2DAE-4C15-A7DD-1F764EFD076B}.Release|x64.ActiveCfg = Release|x64
		{0793E960-2DAE-4C15-A7DD-1F764EFD076B}.Release|x64.Build.0 = Release|x64
		{0793E960-2DAE-4C15-A7DD-1F764EFD076B}.Release|x86.ActiveCfg = Release|Win32
		{0793E960-2DAE-4C15-A7DD-1F764EFD076B}.Release|x86.Build.0 = Release|Win32
		{60AD4992-3146-45B5-8D56-1E3019A6D2C6}.Debug|x64.ActiveCfg = Debug|x64
		{60AD4992-3146-45B5-8D56-1E3019A6D2C6}.Debug|x64.Build.0 = Debug|x64
		{60AD4992-3146-45B5-8D56-1E3019A6D2C6}.Debug|x86.ActiveCfg = Debug|Win32
		{60AD4992-3146-45B5-8D56-1E3019A6D2C6}.Debug|x86.Build.0 = Debug|Win32
		{60AD4992-3146-45B5-8D56-1E3019A6D2C6}.Release|x64.ActiveCfg = Release|x64
		{60AD4992-3146-45B5-8D56-1E3019A6D2C6}.Release|x64.Build.0 = Release|x64
		{60AD4992-3146-45B5-8D56-1E3019A6D2C6}.Release|x86.ActiveCfg = Release|Win32
		{60AD4992-3146-45B5-8D56-1E3019A6D2C6}.Release|x86.Build.0 = Release|Win32
		{5E0580E5-CB19-41D0-9C1F-FC5227C84FD6}.Debug|x64.ActiveCfg = Debug|x64
		{5E0580E5-CB19-41D0-9C1F-FC5227C84FD6}.Debug|x64.Build.0 = Debug|x64
		{5E0580E5-CB19-41D0-9C1F-FC5227C84FD6}.Debug|x86.ActiveCfg = Debug|Win32
		{5E0580E5-CB19-41D0-9C1F-FC5227C84FD6}.Debug|x86.Build.0 = Debug|Win32
		{5E0580E5-CB19-41D0-9C1F-FC5227C84FD6}.Release|x64.ActiveCfg = Release|x64
		{5E0580E5-CB19-41D0-9C1F-FC5227C84FD6}.Release|x64.Build.0 = Release|x64
		{5E0580E5-CB19-41D0-9C1F-FC5227C84FD6}.Release|x86.ActiveCfg = Release|Win32
		{5E0580E5-CB19-41D0-9C1F-FC5227C84FD6}.Release|x86.Build.0 = Release|Win32
	EndGlobalSection
	GlobalSection(SolutionProperties) = preSolution
		HideSolutionNode = FALSE
	EndGlobalSection
	GlobalSection(NestedProjects) = preSolution
		{43E95582-82FC-46C5-A7CA-7D887CD0432B} = {B21F9B4A-FB42-452B-84A3-6DDBC7D9C551}
		{A4198B71-D72C-4C1A-9FA2-6A2A1290C0E7} = {3DCACD1A-C3C2-44EB-B780-8014EB98F05C}
		{D384400D-9121-4AD2-9A1E-E58A3D30CCC1} = {9655B3B6-C942-40EA-9696-23F6AB08E914}
		{0793E960-2DAE-4C15-A7DD-1F764EFD076B} = {75F89E70-89C0-40D8-A471-FB05F013F080}
		{60AD4992-3146-45B5-8D56-1E3019A6D2C6} = {64C8FD12-1D2E-443F-AB28-12FF93ED0FE1}
		{5E0580E5-CB19-41D0-9C1F-FC5227C84FD6} = {75F89E70-89C0-40D8-A471-FB05F013F080}
	EndGlobalSection
	GlobalSection(ExtensibilityGlobals) = postSolution
		SolutionGuid = {FFE2A554-7D94-4C37-9332-78A55C2D07A6}
	EndGlobalSection
EndGlobal
