<?xml version="1.0" encoding="utf-8"?>
<Project ToolsVersion="4.0" xmlns="http://schemas.microsoft.com/developer/msbuild/2003">
  <ItemGroup>
    <Filter Include="PreCompile">
      <UniqueIdentifier>{3d99ae89-0eb8-4dfb-80fe-9895ab37289f}</UniqueIdentifier>
    </Filter>
    <Filter Include="Level">
      <UniqueIdentifier>{b5fe6797-8e3f-428e-988b-4c65e86439c9}</UniqueIdentifier>
    </Filter>
    <Filter Include="Object">
      <UniqueIdentifier>{086084d0-4811-4d74-aee2-e9e6849fabdb}</UniqueIdentifier>
    </Filter>
    <Filter Include="Global">
      <UniqueIdentifier>{fc04da4c-2b68-4a71-a905-3bd77b41049f}</UniqueIdentifier>
    </Filter>
  </ItemGroup>
  <ItemGroup>
    <ClInclude Include="ContentsCore.h" />
    <ClInclude Include="PreCompile.h">
      <Filter>PreCompile</Filter>
    </ClInclude>
    <ClInclude Include="PlayLevel.h">
      <Filter>Level</Filter>
    </ClInclude>
    <ClInclude Include="Player.h">
      <Filter>Object</Filter>
    </ClInclude>
    <ClInclude Include="TitleLevel.h">
      <Filter>Level</Filter>
    </ClInclude>
    <ClInclude Include="BackGround.h">
      <Filter>Object</Filter>
    </ClInclude>
    <ClInclude Include="PlayMap.h">
      <Filter>Object</Filter>
    </ClInclude>
    <ClInclude Include="ContentsEnum.h">
      <Filter>Global</Filter>
    </ClInclude>
    <ClInclude Include="Monster.h">
      <Filter>Object</Filter>
    </ClInclude>
    <ClInclude Include="LogoLevel.h">
      <Filter>Level</Filter>
    </ClInclude>
    <ClInclude Include="EndingLevel.h">
      <Filter>Level</Filter>
    </ClInclude>
    <ClInclude Include="TileMap.h">
      <Filter>Object</Filter>
    </ClInclude>
    <ClInclude Include="MainUIActor.h">
      <Filter>Object</Filter>
    </ClInclude>
    <ClInclude Include="ReverseActor.h">
      <Filter>Object</Filter>
    </ClInclude>
  </ItemGroup>
  <ItemGroup>
    <ClCompile Include="ContentsCore.cpp" />
    <ClCompile Include="PreCompile.cpp">
      <Filter>PreCompile</Filter>
    </ClCompile>
    <ClCompile Include="PlayLevel.cpp">
      <Filter>Level</Filter>
    </ClCompile>
    <ClCompile Include="Player.cpp">
      <Filter>Object</Filter>
    </ClCompile>
    <ClCompile Include="TitleLevel.cpp">
      <Filter>Level</Filter>
    </ClCompile>
    <ClCompile Include="BackGround.cpp">
      <Filter>Object</Filter>
    </ClCompile>
    <ClCompile Include="PlayMap.cpp">
      <Filter>Object</Filter>
    </ClCompile>
    <ClCompile Include="Monster.cpp">
      <Filter>Object</Filter>
    </ClCompile>
    <ClCompile Include="LogoLevel.cpp">
      <Filter>Level</Filter>
    </ClCompile>
    <ClCompile Include="EndingLevel.cpp">
      <Filter>Level</Filter>
    </ClCompile>
    <ClCompile Include="TileMap.cpp">
      <Filter>Object</Filter>
    </ClCompile>
    <ClCompile Include="MainUIActor.cpp">
      <Filter>Object</Filter>
    </ClCompile>
    <ClCompile Include="ReverseActor.cpp">
      <Filter>Object</Filter>
    </ClCompile>
  </ItemGroup>
</Project>